
Microsoft Visual Studio Solution File, Format Version 12.00
# Visual Studio Version 16
VisualStudioVersion = 16.0.29613.14
MinimumVisualStudioVersion = 10.0.40219.1
Project("{FAE04EC0-301F-11D3-BF4B-00C04F79EFBC}") = "MobileWorld", "MobileWorld\MobileWorld.csproj", "{3DF8E699-AD98-4FEC-BE7A-846FE8252409}"
EndProject
Project("{FAE04EC0-301F-11D3-BF4B-00C04F79EFBC}") = "Model", "Model\Model.csproj", "{B44C9DDE-9847-43A3-9850-73AD8A697B8F}"
EndProject
Project("{FAE04EC0-301F-11D3-BF4B-00C04F79EFBC}") = "EmailService", "EmailService\EmailService.csproj", "{E6CA2C08-EBD2-40B7-ABB9-93A1DEC3861F}"
EndProject
Global
	GlobalSection(SolutionConfigurationPlatforms) = preSolution
		Debug|Any CPU = Debug|Any CPU
		Release|Any CPU = Release|Any CPU
	EndGlobalSection
	GlobalSection(ProjectConfigurationPlatforms) = postSolution
		{3DF8E699-AD98-4FEC-BE7A-846FE8252409}.Debug|Any CPU.ActiveCfg = Debug|Any CPU
		{3DF8E699-AD98-4FEC-BE7A-846FE8252409}.Debug|Any CPU.Build.0 = Debug|Any CPU
		{3DF8E699-AD98-4FEC-BE7A-846FE8252409}.Release|Any CPU.ActiveCfg = Release|Any CPU
		{3DF8E699-AD98-4FEC-BE7A-846FE8252409}.Release|Any CPU.Build.0 = Release|Any CPU
		{B44C9DDE-9847-43A3-9850-73AD8A697B8F}.Debug|Any CPU.ActiveCfg = Debug|Any CPU
		{B44C9DDE-9847-43A3-9850-73AD8A697B8F}.Debug|Any CPU.Build.0 = Debug|Any CPU
		{B44C9DDE-9847-43A3-9850-73AD8A697B8F}.Release|Any CPU.ActiveCfg = Release|Any CPU
		{B44C9DDE-9847-43A3-9850-73AD8A697B8F}.Release|Any CPU.Build.0 = Release|Any CPU
		{E6CA2C08-EBD2-40B7-ABB9-93A1DEC3861F}.Debug|Any CPU.ActiveCfg = Debug|Any CPU
		{E6CA2C08-EBD2-40B7-ABB9-93A1DEC3861F}.Debug|Any CPU.Build.0 = Debug|Any CPU
		{E6CA2C08-EBD2-40B7-ABB9-93A1DEC3861F}.Release|Any CPU.ActiveCfg = Release|Any CPU
		{E6CA2C08-EBD2-40B7-ABB9-93A1DEC3861F}.Release|Any CPU.Build.0 = Release|Any CPU
	EndGlobalSection
	GlobalSection(SolutionProperties) = preSolution
		HideSolutionNode = FALSE
	EndGlobalSection
	GlobalSection(ExtensibilityGlobals) = postSolution
		SolutionGuid = {74A9F0CF-5AB5-4B71-A54A-05B431A140E8}
	EndGlobalSection
EndGlobal
